{
    "name": "nodejs-preact-ssr-starter",
    "lockfileVersion": 3,
    "requires": true,
    "packages": {
        "": {
            "name": "nodejs-preact-ssr-starter",
            "dependencies": {
                "csso": "5.0.5",
                "htm": "3.1.1",
                "preact": "10.16.0",
                "preact-render-to-string": "6.2.0",
                "uglify-js": "3.17.4",
                "urlpattern-polyfill": "9.0.0"
            }
        },
        "node_modules/css-tree": {
            "version": "2.2.1",
            "resolved": "https://registry.npmjs.org/css-tree/-/css-tree-2.2.1.tgz",
            "integrity": "sha512-OA0mILzGc1kCOCSJerOeqDxDQ4HOh+G8NbOJFOTgOCzpw7fCBubk0fEyxp8AgOL/jvLgYA/uV0cMbe43ElF1JA==",
            "dependencies": {
                "mdn-data": "2.0.28",
                "source-map-js": "^1.0.1"
            },
            "engines": {
                "node": "^10 || ^12.20.0 || ^14.13.0 || >=15.0.0",
                "npm": ">=7.0.0"
            }
        },
        "node_modules/csso": {
            "version": "5.0.5",
            "resolved": "https://registry.npmjs.org/csso/-/csso-5.0.5.tgz",
            "integrity": "sha512-0LrrStPOdJj+SPCCrGhzryycLjwcgUSHBtxNA8aIDxf0GLsRh1cKYhB00Gd1lDOS4yGH69+SNn13+TWbVHETFQ==",
            "dependencies": {
                "css-tree": "~2.2.0"
            },
            "engines": {
                "node": "^10 || ^12.20.0 || ^14.13.0 || >=15.0.0",
                "npm": ">=7.0.0"
            }
        },
        "node_modules/htm": {
            "version": "3.1.1",
            "resolved": "https://registry.npmjs.org/htm/-/htm-3.1.1.tgz",
            "integrity": "sha512-983Vyg8NwUE7JkZ6NmOqpCZ+sh1bKv2iYTlUkzlWmA5JD2acKoxd4KVxbMmxX/85mtfdnDmTFoNKcg5DGAvxNQ=="
        },
        "node_modules/mdn-data": {
            "version": "2.0.28",
            "resolved": "https://registry.npmjs.org/mdn-data/-/mdn-data-2.0.28.tgz",
            "integrity": "sha512-aylIc7Z9y4yzHYAJNuESG3hfhC+0Ibp/MAMiaOZgNv4pmEdFyfZhhhny4MNiAfWdBQ1RQ2mfDWmM1x8SvGyp8g=="
        },
        "node_modules/preact": {
            "version": "10.16.0",
            "resolved": "https://registry.npmjs.org/preact/-/preact-10.16.0.tgz",
            "integrity": "sha512-XTSj3dJ4roKIC93pald6rWuB2qQJO9gO2iLLyTe87MrjQN+HklueLsmskbywEWqCHlclgz3/M4YLL2iBr9UmMA==",
            "funding": {
                "type": "opencollective",
                "url": "https://opencollective.com/preact"
            }
        },
        "node_modules/preact-render-to-string": {
            "version": "6.2.0",
            "resolved": "https://registry.npmjs.org/preact-render-to-string/-/preact-render-to-string-6.2.0.tgz",
            "integrity": "sha512-51HDkgWGssQvWhAXE6xWGSFgqXx+qzQPKatLBVm5Uxl2Bq8RHz+CcNMTWz3kjGNM8PL+9GZZfTLGHyR1wu6ZuA==",
            "dependencies": {
                "pretty-format": "^3.8.0"
            },
            "peerDependencies": {
                "preact": ">=10"
            }
        },
        "node_modules/pretty-format": {
            "version": "3.8.0",
            "resolved": "https://registry.npmjs.org/pretty-format/-/pretty-format-3.8.0.tgz",
            "integrity": "sha512-WuxUnVtlWL1OfZFQFuqvnvs6MiAGk9UNsBostyBOB0Is9wb5uRESevA6rnl/rkksXaGX3GzZhPup5d6Vp1nFew=="
        },
        "node_modules/source-map-js": {
            "version": "1.0.2",
            "resolved": "https://registry.npmjs.org/source-map-js/-/source-map-js-1.0.2.tgz",
            "integrity": "sha512-R0XvVJ9WusLiqTCEiGCmICCMplcCkIwwR11mOSD9CR5u+IXYdiseeEuXCVAjS54zqwkLcPNnmU4OeJ6tUrWhDw==",
            "engines": {
                "node": ">=0.10.0"
            }
        },
        "node_modules/uglify-js": {
            "version": "3.17.4",
            "resolved": "https://registry.npmjs.org/uglify-js/-/uglify-js-3.17.4.tgz",
            "integrity": "sha512-T9q82TJI9e/C1TAxYvfb16xO120tMVFZrGA3f9/P4424DNu6ypK103y0GPFVa17yotwSyZW5iYXgjYHkGrJW/g==",
            "bin": {
                "uglifyjs": "bin/uglifyjs"
            },
            "engines": {
                "node": ">=0.8.0"
            }
        },
        "node_modules/urlpattern-polyfill": {
            "version": "9.0.0",
            "resolved": "https://registry.npmjs.org/urlpattern-polyfill/-/urlpattern-polyfill-9.0.0.tgz",
            "integrity": "sha512-WHN8KDQblxd32odxeIgo83rdVDE2bvdkb86it7bMhYZwWKJz0+O0RK/eZiHYnM+zgt/U7hAHOlCQGfjjvSkw2g=="
        }
    }
}
